{
  "name": "a-coin",
  "version": "1.0.0",
  "lockfileVersion": 1,
  "requires": true,
  "dependencies": {
    "ispinner.css": {
      "version": "1.2.1",
      "resolved": "https://registry.npmjs.org/ispinner.css/-/ispinner.css-1.2.1.tgz",
      "integrity": "sha1-qp0UwQ7pHxwfxNJlzb2QnoUkXUs="
    }
  }
}
